
Microsoft Visual Studio Solution File, Format Version 12.00
# Visual Studio Version 16
VisualStudioVersion = 16.0.31424.327
MinimumVisualStudioVersion = 10.0.40219.1
Project("{9A19103F-16F7-4668-BE54-9A1E7A4F7556}") = "waterMark", "waterMark\waterMark.csproj", "{7341E272-11F4-47C1-BD83-3B63D012718F}"
EndProject
Project("{FAE04EC0-301F-11D3-BF4B-00C04F79EFBC}") = "addWaterMark", "addWaterMark\addWaterMark.csproj", "{4AA1722F-3C3A-4BDB-B8BE-4EA30278E7F2}"
EndProject
Global
	GlobalSection(SolutionConfigurationPlatforms) = preSolution
		Debug|Any CPU = Debug|Any CPU
		Release|Any CPU = Release|Any CPU
	EndGlobalSection
	GlobalSection(ProjectConfigurationPlatforms) = postSolution
		{7341E272-11F4-47C1-BD83-3B63D012718F}.Debug|Any CPU.ActiveCfg = Debug|Any CPU
		{7341E272-11F4-47C1-BD83-3B63D012718F}.Debug|Any CPU.Build.0 = Debug|Any CPU
		{7341E272-11F4-47C1-BD83-3B63D012718F}.Release|Any CPU.ActiveCfg = Release|Any CPU
		{7341E272-11F4-47C1-BD83-3B63D012718F}.Release|Any CPU.Build.0 = Release|Any CPU
		{4AA1722F-3C3A-4BDB-B8BE-4EA30278E7F2}.Debug|Any CPU.ActiveCfg = Debug|Any CPU
		{4AA1722F-3C3A-4BDB-B8BE-4EA30278E7F2}.Debug|Any CPU.Build.0 = Debug|Any CPU
		{4AA1722F-3C3A-4BDB-B8BE-4EA30278E7F2}.Release|Any CPU.ActiveCfg = Release|Any CPU
		{4AA1722F-3C3A-4BDB-B8BE-4EA30278E7F2}.Release|Any CPU.Build.0 = Release|Any CPU
	EndGlobalSection
	GlobalSection(SolutionProperties) = preSolution
		HideSolutionNode = FALSE
	EndGlobalSection
	GlobalSection(ExtensibilityGlobals) = postSolution
		SolutionGuid = {3845FE0C-BD55-469F-B6FC-D1DD323D3DE2}
	EndGlobalSection
EndGlobal
